dependencies:
  espressif/esp_rainmaker:
    component_hash: 83a0537f0fd5fedb6d29d32e64fef6cbcaf94d4ea003ed133df4ab7db28e0ee0
    source:
      git: https://github.com/espressif/esp-rainmaker.git
      path: components/esp_rainmaker
      type: git
    version: bcc2163b92495bdc120550f1c8c3c3582c2c38d0
  espressif/esp_schedule:
    component_hash: 66e3d0c6ccb613bccc365f842dd91f664a39c5155f4e971361423b224e3d574d
    source:
      git: https://github.com/espressif/esp-rainmaker.git
      path: components/esp_schedule
      type: git
    version: bcc2163b92495bdc120550f1c8c3c3582c2c38d0
  espressif/json_generator:
    component_hash: 41da0ab732877184092676c50b5f3f3bf37ad783de2f9c27e441944e01b7d51b
    source:
      service_url: https://api.components.espressif.com/
      type: service
    version: 1.1.1
  espressif/json_parser:
    component_hash: 2130029a8c005ba12476c5b5ae5c1c4589cb0c171f8100644d1ab883434eb91f
    source:
      service_url: https://api.components.espressif.com/
      type: service
    version: 1.0.0
  espressif/mdns:
    component_hash: 2e95568e6fb1b1e5933217556db18b29affd4f706a6d90636fbb88dd32fc3e29
    source:
      service_url: https://api.components.espressif.com/
      type: service
    version: 1.0.7
  espressif/qrcode:
    component_hash: e07c05f9129250d79c62957c02e2f67d3485e917e6953cbc6637324b3a47ea7f
    source:
      service_url: https://api.components.espressif.com/
      type: service
    version: 0.1.0
  espressif/rmaker_common:
    component_hash: 297f4040d28475a5dfdd5c6f3280eb0a654aab1308845aa8dc6ad502b9ce3841
    source:
      service_url: https://api.components.espressif.com/
      type: service
    version: 1.2.0
  idf:
    component_hash: null
    source:
      type: idf
    version: 5.0.0
manifest_hash: e673c1aab1e3266396eaf5cce57c181afe61b12195436c0a197d87d104c8b3a1
target: esp32s3
version: 1.0.0
